{
  "requires": true,
  "lockfileVersion": 1,
  "dependencies": {
    "@cloudflare/workers-types": {
      "version": "2.2.2",
      "resolved": "https://registry.npmjs.org/@cloudflare/workers-types/-/workers-types-2.2.2.tgz",
      "integrity": "sha512-kaMn2rueJ0PL1TYVGknTCh0X0x0d9G+FNXAFep7/4uqecEZoQb/63o6rOmMuiqI09zLuHV6xhKRXinokV/MY9A=="
    },
    "@types/luxon": {
      "version": "1.26.5",
      "resolved": "https://registry.npmjs.org/@types/luxon/-/luxon-1.26.5.tgz",
      "integrity": "sha512-XeQxxRMyJi1znfzHw4CGDLyup/raj84SnjjkI2fDootZPGlB0yqtvlvEIAmzHDa5wiEI5JJevZOWxpcofsaV+A=="
    },
    "chrono-node": {
      "version": "2.2.6",
      "resolved": "https://registry.npmjs.org/chrono-node/-/chrono-node-2.2.6.tgz",
      "integrity": "sha512-ahgxpY4ihg3frV5t7pZYrS0Iap5MErTQ7whVNBxbiLjplc2HhGwj3zgr0dEnJos/FAuZVjrHoky8J9YiNc5ZKQ==",
      "requires": {
        "dayjs": "1.10.4"
      }
    },
    "dayjs": {
      "version": "1.10.4",
      "resolved": "https://registry.npmjs.org/dayjs/-/dayjs-1.10.4.tgz",
      "integrity": "sha512-RI/Hh4kqRc1UKLOAf/T5zdMMX5DQIlDxwUe3wSyMMnEbGunnpENCdbUgM+dW7kXidZqCttBrmw7BhN4TMddkCw=="
    },
    "esbuild": {
      "version": "0.11.18",
      "resolved": "https://registry.npmjs.org/esbuild/-/esbuild-0.11.18.tgz",
      "integrity": "sha512-KD7v4N9b5B8bxPUNn/3GA9r0HWo4nJk3iwjZ+2zG1ffg+r8ig+wqj7sW6zgI6Sn4/B2FnbzqWxcAokAGGM5zwQ=="
    },
    "luxon": {
      "version": "1.26.0",
      "resolved": "https://registry.npmjs.org/luxon/-/luxon-1.26.0.tgz",
      "integrity": "sha512-+V5QIQ5f6CDXQpWNICELwjwuHdqeJM1UenlZWx5ujcRMc9venvluCjFb4t5NYLhb6IhkbMVOxzVuOqkgMxee2A=="
    }
  }
}
